// !$*UTF8*$!
{
	archiveVersion = 1;
	classes = {
	};
	objectVersion = 48;
	objects = {

/* Begin PBXBuildFile section */
		EDEFA5DC1FEF3124005C2E6B /* main.cpp in Sources */ = {isa = PBXBuildFile; fileRef = EDEFA5DB1FEF3124005C2E6B /* main.cpp */; };
/* End PBXBuildFile section */

/* Begin PBXCopyFilesBuildPhase section */
		EDEFA5D61FEF3124005C2E6B /* CopyFiles */ = {
			isa = PBXCopyFilesBuildPhase;
			buildActionMask = 2147483647;
			dstPath = /usr/share/man/man1/;
			dstSubfolderSpec = 0;
			files = (
			);
			runOnlyForDeploymentPostprocessing = 1;
		};
/* End PBXCopyFilesBuildPhase section */

/* Begin PBXFileReference section */
		EDEFA5D81FEF3124005C2E6B /* OpenCVTensorflowExample */ = {isa = PBXFileReference; explicitFileType = "compiled.mach-o.executable"; includeInIndex = 0; path = OpenCVTensorflowExample; sourceTree = BUILT_PRODUCTS_DIR; };
		EDEFA5DB1FEF3124005C2E6B /* main.cpp */ = {isa = PBXFileReference; lastKnownFileType = sourcecode.cpp.cpp; path = main.cpp; sourceTree = "<group>"; };
/* End PBXFileReference section */

/* Begin PBXFrameworksBuildPhase section */
		EDEFA5D51FEF3124005C2E6B /* Frameworks */ = {
			isa = PBXFrameworksBuildPhase;
			buildActionMask = 2147483647;
			files = (
			);
			runOnlyForDeploymentPostprocessing = 0;
		};
/* End PBXFrameworksBuildPhase section */

/* Begin PBXGroup section */
		EDEFA5CF1FEF3124005C2E6B = {
			isa = PBXGroup;
			children = (
				EDEFA5DA1FEF3124005C2E6B /* OpenCVTensorflowExample */,
				EDEFA5D91FEF3124005C2E6B /* Products */,
			);
			sourceTree = "<group>";
		};
		EDEFA5D91FEF3124005C2E6B /* Products */ = {
			isa = PBXGroup;
			children = (
				EDEFA5D81FEF3124005C2E6B /* OpenCVTensorflowExample */,
			);
			name = Products;
			sourceTree = "<group>";
		};
		EDEFA5DA1FEF3124005C2E6B /* OpenCVTensorflowExample */ = {
			isa = PBXGroup;
			children = (
				EDEFA5DB1FEF3124005C2E6B /* main.cpp */,
			);
			path = OpenCVTensorflowExample;
			sourceTree = "<group>";
		};
/* End PBXGroup section */

/* Begin PBXNativeTarget section */
		EDEFA5D71FEF3124005C2E6B /* OpenCVTensorflowExample */ = {
			isa = PBXNativeTarget;
			buildConfigurationList = EDEFA5DF1FEF3124005C2E6B /* Build configuration list for PBXNativeTarget "OpenCVTensorflowExample" */;
			buildPhases = (
				EDEFA5D41FEF3124005C2E6B /* Sources */,
				EDEFA5D51FEF3124005C2E6B /* Frameworks */,
				EDEFA5D61FEF3124005C2E6B /* CopyFiles */,
			);
			buildRules = (
			);
			dependencies = (
			);
			name = OpenCVTensorflowExample;
			productName = OpenCVTensorflowExample;
			productReference = EDEFA5D81FEF3124005C2E6B /* OpenCVTensorflowExample */;
			productType = "com.apple.product-type.tool";
		};
/* End PBXNativeTarget section */

/* Begin PBXProject section */
		EDEFA5D01FEF3124005C2E6B /* Project object */ = {
			isa = PBXProject;
			attributes = {
				LastUpgradeCheck = 0920;
				ORGANIZATIONNAME = Greppy;
				TargetAttributes = {
					EDEFA5D71FEF3124005C2E6B = {
						CreatedOnToolsVersion = 9.2;
						ProvisioningStyle = Automatic;
					};
				};
			};
			buildConfigurationList = EDEFA5D31FEF3124005C2E6B /* Build configuration list for PBXProject "OpenCVTensorflowExample" */;
			compatibilityVersion = "Xcode 8.0";
			developmentRegion = en;
			hasScannedForEncodings = 0;
			knownRegions = (
				en,
			);
			mainGroup = EDEFA5CF1FEF3124005C2E6B;
			productRefGroup = EDEFA5D91FEF3124005C2E6B /* Products */;
			projectDirPath = "";
			projectRoot = "";
			targets = (
				EDEFA5D71FEF3124005C2E6B /* OpenCVTensorflowExample */,
			);
		};
/* End PBXProject section */

/* Begin PBXSourcesBuildPhase section */
		EDEFA5D41FEF3124005C2E6B /* Sources */ = {
			isa = PBXSourcesBuildPhase;
			buildActionMask = 2147483647;
			files = (
				EDEFA5DC1FEF3124005C2E6B /* main.cpp in Sources */,
			);
			runOnlyForDeploymentPostprocessing = 0;
		};
/* End PBXSourcesBuildPhase section */

/* Begin XCBuildConfiguration section */
		EDEFA5DD1FEF3124005C2E6B /* Debug */ = {
			isa = XCBuildConfiguration;
			buildSettings = {
				ALWAYS_SEARCH_USER_PATHS = NO;
				CLANG_ANALYZER_NONNULL = YES;
				CLANG_ANALYZER_NUMBER_OBJECT_CONVERSION = YES_AGGRESSIVE;
				CLANG_CXX_LANGUAGE_STANDARD = "gnu++14";
				CLANG_CXX_LIBRARY = "libc++";
				CLANG_ENABLE_MODULES = YES;
				CLANG_ENABLE_OBJC_ARC = YES;
				CLANG_WARN_BLOCK_CAPTURE_AUTORELEASING = YES;
				CLANG_WARN_BOOL_CONVERSION = YES;
				CLANG_WARN_COMMA = YES;
				CLANG_WARN_CONSTANT_CONVERSION = YES;
				CLANG_WARN_DIRECT_OBJC_ISA_USAGE = YES_ERROR;
				CLANG_WARN_DOCUMENTATION_COMMENTS = YES;
				CLANG_WARN_EMPTY_BODY = YES;
				CLANG_WARN_ENUM_CONVERSION = YES;
				CLANG_WARN_INFINITE_RECURSION = YES;
				CLANG_WARN_INT_CONVERSION = YES;
				CLANG_WARN_NON_LITERAL_NULL_CONVERSION = YES;
				CLANG_WARN_OBJC_LITERAL_CONVERSION = YES;
				CLANG_WARN_OBJC_ROOT_CLASS = YES_ERROR;
				CLANG_WARN_RANGE_LOOP_ANALYSIS = YES;
				CLANG_WARN_STRICT_PROTOTYPES = YES;
				CLANG_WARN_SUSPICIOUS_MOVE = YES;
				CLANG_WARN_UNGUARDED_AVAILABILITY = YES_AGGRESSIVE;
				CLANG_WARN_UNREACHABLE_CODE = YES;
				CLANG_WARN__DUPLICATE_METHOD_MATCH = YES;
				CODE_SIGN_IDENTITY = "-";
				COPY_PHASE_STRIP = NO;
				DEBUG_INFORMATION_FORMAT = dwarf;
				ENABLE_STRICT_OBJC_MSGSEND = YES;
				ENABLE_TESTABILITY = YES;
				GCC_C_LANGUAGE_STANDARD = gnu11;
				GCC_DYNAMIC_NO_PIC = NO;
				GCC_NO_COMMON_BLOCKS = YES;
				GCC_OPTIMIZATION_LEVEL = 0;
				GCC_PREPROCESSOR_DEFINITIONS = (
					"DEBUG=1",
					"$(inherited)",
				);
				GCC_WARN_64_TO_32_BIT_CONVERSION = YES;
				GCC_WARN_ABOUT_RETURN_TYPE = YES_ERROR;
				GCC_WARN_UNDECLARED_SELECTOR = YES;
				GCC_WARN_UNINITIALIZED_AUTOS = YES_AGGRESSIVE;
				GCC_WARN_UNUSED_FUNCTION = YES;
				GCC_WARN_UNUSED_VARIABLE = YES;
				MACOSX_DEPLOYMENT_TARGET = 10.13;
				MTL_ENABLE_DEBUG_INFO = YES;
				ONLY_ACTIVE_ARCH = YES;
				SDKROOT = macosx;
			};
			name = Debug;
		};
		EDEFA5DE1FEF3124005C2E6B /* Release */ = {
			isa = XCBuildConfiguration;
			buildSettings = {
				ALWAYS_SEARCH_USER_PATHS = NO;
				CLANG_ANALYZER_NONNULL = YES;
				CLANG_ANALYZER_NUMBER_OBJECT_CONVERSION = YES_AGGRESSIVE;
				CLANG_CXX_LANGUAGE_STANDARD = "gnu++14";
				CLANG_CXX_LIBRARY = "libc++";
				CLANG_ENABLE_MODULES = YES;
				CLANG_ENABLE_OBJC_ARC = YES;
				CLANG_WARN_BLOCK_CAPTURE_AUTORELEASING = YES;
				CLANG_WARN_BOOL_CONVERSION = YES;
				CLANG_WARN_COMMA = YES;
				CLANG_WARN_CONSTANT_CONVERSION = YES;
				CLANG_WARN_DIRECT_OBJC_ISA_USAGE = YES_ERROR;
				CLANG_WARN_DOCUMENTATION_COMMENTS = YES;
				CLANG_WARN_EMPTY_BODY = YES;
				CLANG_WARN_ENUM_CONVERSION = YES;
				CLANG_WARN_INFINITE_RECURSION = YES;
				CLANG_WARN_INT_CONVERSION = YES;
				CLANG_WARN_NON_LITERAL_NULL_CONVERSION = YES;
				CLANG_WARN_OBJC_LITERAL_CONVERSION = YES;
				CLANG_WARN_OBJC_ROOT_CLASS = YES_ERROR;
				CLANG_WARN_RANGE_LOOP_ANALYSIS = YES;
				CLANG_WARN_STRICT_PROTOTYPES = YES;
				CLANG_WARN_SUSPICIOUS_MOVE = YES;
				CLANG_WARN_UNGUARDED_AVAILABILITY = YES_AGGRESSIVE;
				CLANG_WARN_UNREACHABLE_CODE = YES;
				CLANG_WARN__DUPLICATE_METHOD_MATCH = YES;
				CODE_SIGN_IDENTITY = "-";
				COPY_PHASE_STRIP = NO;
				DEBUG_INFORMATION_FORMAT = "dwarf-with-dsym";
				ENABLE_NS_ASSERTIONS = NO;
				ENABLE_STRICT_OBJC_MSGSEND = YES;
				GCC_C_LANGUAGE_STANDARD = gnu11;
				GCC_NO_COMMON_BLOCKS = YES;
				GCC_WARN_64_TO_32_BIT_CONVERSION = YES;
				GCC_WARN_ABOUT_RETURN_TYPE = YES_ERROR;
				GCC_WARN_UNDECLARED_SELECTOR = YES;
				GCC_WARN_UNINITIALIZED_AUTOS = YES_AGGRESSIVE;
				GCC_WARN_UNUSED_FUNCTION = YES;
				GCC_WARN_UNUSED_VARIABLE = YES;
				MACOSX_DEPLOYMENT_TARGET = 10.13;
				MTL_ENABLE_DEBUG_INFO = NO;
				SDKROOT = macosx;
			};
			name = Release;
		};
		EDEFA5E01FEF3124005C2E6B /* Debug */ = {
			isa = XCBuildConfiguration;
			buildSettings = {
				CODE_SIGN_STYLE = Automatic;
				COPY_HEADERS_UNIFDEF_FLAGS = "";
				HEADER_SEARCH_PATHS = (
					"~/Projects/nsync-8502189/public",
					/usr/local/Cellar/opencv3/3.3.1_1/include,
					/usr/local/Cellar/protobuf/3.4.1/include,
					"~/Projects/eigen-034b6c3e1017",
					"~/Projects/tensorflow-1.4.1/bazel-genfiles",
					"~/Projects/tensorflow-1.4.1",
				);
				LIBRARY_SEARCH_PATHS = (
					/usr/local/Cellar/opencv/3.3.1_1/lib,
					"/Users/MYUSERNAME/Projects/tensorflow-1.4.1/bazel-bin/tensorflow",
				);
				OTHER_LDFLAGS = (
					"-lopencv_core",
					"-lopencv_imgproc",
					"-lopencv_imgcodecs",
					"-lopencv_shape",
					"-lopencv_highgui",
					"-ltensorflow_framework",
					"-force_load",
					"/private/var/tmp/_bazel_MYUSERNAME/db892dbf0e7fc7ba110ca95e4b42a875/execroot/org_tensorflow/bazel-out/darwin_x86_64-opt/bin/tensorflow/libtensorflow.so",
				);
				PRODUCT_NAME = "$(TARGET_NAME)";
			};
			name = Debug;
		};
		EDEFA5E11FEF3124005C2E6B /* Release */ = {
			isa = XCBuildConfiguration;
			buildSettings = {
				CODE_SIGN_STYLE = Automatic;
				COPY_HEADERS_UNIFDEF_FLAGS = "";
				HEADER_SEARCH_PATHS = (
					"~/Projects/nsync-8502189/public",
					/usr/local/Cellar/opencv3/3.3.1_1/include,
					/usr/local/Cellar/protobuf/3.4.1/include,
					"~/Projects/eigen-034b6c3e1017",
					"~/Projects/tensorflow-1.4.1/bazel-genfiles",
					"~/Projects/tensorflow-1.4.1",
				);
				LIBRARY_SEARCH_PATHS = (
					/usr/local/Cellar/opencv/3.3.1_1/lib,
					"/Users/MYUSERNAME/Projects/tensorflow-1.4.1/bazel-bin/tensorflow",
				);
				OTHER_LDFLAGS = (
					"-lopencv_core",
					"-lopencv_imgproc",
					"-lopencv_imgcodecs",
					"-lopencv_shape",
					"-lopencv_highgui",
					"-ltensorflow_framework",
					"-force_load",
					"/private/var/tmp/_bazel_MYUSERNAME/db892dbf0e7fc7ba110ca95e4b42a875/execroot/org_tensorflow/bazel-out/darwin_x86_64-opt/bin/tensorflow/libtensorflow.so",
				);
				PRODUCT_NAME = "$(TARGET_NAME)";
			};
			name = Release;
		};
/* End XCBuildConfiguration section */

/* Begin XCConfigurationList section */
		EDEFA5D31FEF3124005C2E6B /* Build configuration list for PBXProject "OpenCVTensorflowExample" */ = {
			isa = XCConfigurationList;
			buildConfigurations = (
				EDEFA5DD1FEF3124005C2E6B /* Debug */,
				EDEFA5DE1FEF3124005C2E6B /* Release */,
			);
			defaultConfigurationIsVisible = 0;
			defaultConfigurationName = Release;
		};
		EDEFA5DF1FEF3124005C2E6B /* Build configuration list for PBXNativeTarget "OpenCVTensorflowExample" */ = {
			isa = XCConfigurationList;
			buildConfigurations = (
				EDEFA5E01FEF3124005C2E6B /* Debug */,
				EDEFA5E11FEF3124005C2E6B /* Release */,
			);
			defaultConfigurationIsVisible = 0;
			defaultConfigurationName = Release;
		};
/* End XCConfigurationList section */
	};
	rootObject = EDEFA5D01FEF3124005C2E6B /* Project object */;
}
